// !$*UTF8*$!
{
	archiveVersion = 1;
	classes = {
	};
	objectVersion = 56;
	objects = {

/* Begin PBXBuildFile section */
		A61E8F68299198C4009F7715 /* TimelineViewModel.swift in Sources */ = {isa = PBXBuildFile; fileRef = A61E8F67299198C4009F7715 /* TimelineViewModel.swift */; };
		A61E8F6B2991A3DC009F7715 /* Swinject-Dynamic in Frameworks */ = {isa = PBXBuildFile; productRef = A61E8F6A2991A3DC009F7715 /* Swinject-Dynamic */; settings = {ATTRIBUTES = (Required, ); }; };
		A65B3F222983271D00F39109 /* TimelineQuotedTweet.swift in Sources */ = {isa = PBXBuildFile; fileRef = A65B3F212983271D00F39109 /* TimelineQuotedTweet.swift */; };
		A65B3F2729833AEE00F39109 /* TimelineTweet.swift in Sources */ = {isa = PBXBuildFile; fileRef = A65B3F2629833AEE00F39109 /* TimelineTweet.swift */; };
		A65B3F2A29833B7200F39109 /* Avatar.swift in Sources */ = {isa = PBXBuildFile; fileRef = A65B3F2929833B7200F39109 /* Avatar.swift */; };
		A65B3F2C29833B9600F39109 /* TimelineAvatar.swift in Sources */ = {isa = PBXBuildFile; fileRef = A65B3F2B29833B9600F39109 /* TimelineAvatar.swift */; };
		A65B3F2E298345F900F39109 /* TimelineMedia.swift in Sources */ = {isa = PBXBuildFile; fileRef = A65B3F2D298345F900F39109 /* TimelineMedia.swift */; };
		A65B3F32298346CF00F39109 /* Tweet.swift in Sources */ = {isa = PBXBuildFile; fileRef = A65B3F31298346CF00F39109 /* Tweet.swift */; };
		A65B3F342983477500F39109 /* User.swift in Sources */ = {isa = PBXBuildFile; fileRef = A65B3F332983477500F39109 /* User.swift */; };
		A66453B0298DC1EE001F99B4 /* ApiConverterError.swift in Sources */ = {isa = PBXBuildFile; fileRef = A66453AF298DC1EE001F99B4 /* ApiConverterError.swift */; };
		A66453B3298EDDD4001F99B4 /* TweetRepository.swift in Sources */ = {isa = PBXBuildFile; fileRef = A66453B2298EDDD4001F99B4 /* TweetRepository.swift */; };
		A66453B5298EDE17001F99B4 /* TwitterApiClient.swift in Sources */ = {isa = PBXBuildFile; fileRef = A66453B4298EDE17001F99B4 /* TwitterApiClient.swift */; };
		A66453B7298EDE61001F99B4 /* RepositoryCollection.swift in Sources */ = {isa = PBXBuildFile; fileRef = A66453B6298EDE61001F99B4 /* RepositoryCollection.swift */; };
		A66453B9298EE904001F99B4 /* Credentials.swift in Sources */ = {isa = PBXBuildFile; fileRef = A66453B8298EE904001F99B4 /* Credentials.swift */; };
		A66453BE298F027F001F99B4 /* Configuration.swift in Sources */ = {isa = PBXBuildFile; fileRef = A66453BD298F027F001F99B4 /* Configuration.swift */; };
		A66453C5298F09AD001F99B4 /* OauthHttpClient.swift in Sources */ = {isa = PBXBuildFile; fileRef = A66453C4298F09AD001F99B4 /* OauthHttpClient.swift */; };
		A66453C8298F0C91001F99B4 /* OhhAuth in Frameworks */ = {isa = PBXBuildFile; productRef = A66453C7298F0C91001F99B4 /* OhhAuth */; };
		A667F943297F320800C25D8C /* MockingbirdApp.swift in Sources */ = {isa = PBXBuildFile; fileRef = A667F942297F320800C25D8C /* MockingbirdApp.swift */; };
		A667F947297F320900C25D8C /* Assets.xcassets in Resources */ = {isa = PBXBuildFile; fileRef = A667F946297F320900C25D8C /* Assets.xcassets */; };
		A667F94B297F320900C25D8C /* Preview Assets.xcassets in Resources */ = {isa = PBXBuildFile; fileRef = A667F94A297F320900C25D8C /* Preview Assets.xcassets */; };
		A667F970297F37FA00C25D8C /* HomeTab.swift in Sources */ = {isa = PBXBuildFile; fileRef = A667F96F297F37FA00C25D8C /* HomeTab.swift */; };
		A667F972297F381500C25D8C /* FavoritesTab.swift in Sources */ = {isa = PBXBuildFile; fileRef = A667F971297F381500C25D8C /* FavoritesTab.swift */; };
		A667FB3D2991B3A60065CD77 /* Swinject-Dynamic in Embed Frameworks */ = {isa = PBXBuildFile; productRef = A61E8F6A2991A3DC009F7715 /* Swinject-Dynamic */; settings = {ATTRIBUTES = (CodeSignOnCopy, ); }; };
		A674445C2984525D00B16BF9 /* Media.swift in Sources */ = {isa = PBXBuildFile; fileRef = A674445B2984525D00B16BF9 /* Media.swift */; };
		A67444612985CD9900B16BF9 /* Theme.swift in Sources */ = {isa = PBXBuildFile; fileRef = A67444602985CD9900B16BF9 /* Theme.swift */; };
		A67444642985CECE00B16BF9 /* Nuke in Frameworks */ = {isa = PBXBuildFile; productRef = A67444632985CECE00B16BF9 /* Nuke */; };
		A67444662985CECE00B16BF9 /* NukeExtensions in Frameworks */ = {isa = PBXBuildFile; productRef = A67444652985CECE00B16BF9 /* NukeExtensions */; };
		A67444682985CECE00B16BF9 /* NukeUI in Frameworks */ = {isa = PBXBuildFile; productRef = A67444672985CECE00B16BF9 /* NukeUI */; };
		A6744470298720EF00B16BF9 /* V2TweetsResponseConverter.swift in Sources */ = {isa = PBXBuildFile; fileRef = A674446F298720EF00B16BF9 /* V2TweetsResponseConverter.swift */; };
		A6744475298879CA00B16BF9 /* v2_timeline_reverse_chronological.json in Resources */ = {isa = PBXBuildFile; fileRef = A6744474298879CA00B16BF9 /* v2_timeline_reverse_chronological.json */; };
		A674447729887A1A00B16BF9 /* Timeline.swift in Sources */ = {isa = PBXBuildFile; fileRef = A674447629887A1A00B16BF9 /* Timeline.swift */; };
		A6744479298981AC00B16BF9 /* V2ResponseBody.swift in Sources */ = {isa = PBXBuildFile; fileRef = A6744478298981AC00B16BF9 /* V2ResponseBody.swift */; };
		A674447C2989825E00B16BF9 /* V2Tweet.swift in Sources */ = {isa = PBXBuildFile; fileRef = A674447B2989825E00B16BF9 /* V2Tweet.swift */; };
		A6744480298AF2DC00B16BF9 /* V2User.swift in Sources */ = {isa = PBXBuildFile; fileRef = A674447F298AF2DC00B16BF9 /* V2User.swift */; };
		A6744482298AF2E500B16BF9 /* V2Media.swift in Sources */ = {isa = PBXBuildFile; fileRef = A6744481298AF2E500B16BF9 /* V2Media.swift */; };
		A6744484298B048700B16BF9 /* V2ReferencedTweet.swift in Sources */ = {isa = PBXBuildFile; fileRef = A6744483298B048700B16BF9 /* V2ReferencedTweet.swift */; };
		A6744486298C281F00B16BF9 /* ApiResponseDecoderFactory.swift in Sources */ = {isa = PBXBuildFile; fileRef = A6744485298C281F00B16BF9 /* ApiResponseDecoderFactory.swift */; };
		A690FEE529819F140020DDD7 /* MacAppView.swift in Sources */ = {isa = PBXBuildFile; fileRef = A690FEE429819F140020DDD7 /* MacAppView.swift */; };
		A690FEE729819F250020DDD7 /* PhoneAppView.swift in Sources */ = {isa = PBXBuildFile; fileRef = A690FEE629819F250020DDD7 /* PhoneAppView.swift */; };
		A690FEE929819F320020DDD7 /* PadAppView.swift in Sources */ = {isa = PBXBuildFile; fileRef = A690FEE829819F320020DDD7 /* PadAppView.swift */; };
		A690FEEB2981A04C0020DDD7 /* LayoutConfiguration.swift in Sources */ = {isa = PBXBuildFile; fileRef = A690FEEA2981A04C0020DDD7 /* LayoutConfiguration.swift */; };
		A690FEED2981B0710020DDD7 /* Device.swift in Sources */ = {isa = PBXBuildFile; fileRef = A690FEEC2981B0710020DDD7 /* Device.swift */; };
		A694D132299317190022CAF6 /* TimeAgoFormatter.swift in Sources */ = {isa = PBXBuildFile; fileRef = A694D131299317190022CAF6 /* TimeAgoFormatter.swift */; };
		A69530072992E9A2009C5C9B /* UnauthenticatedView.swift in Sources */ = {isa = PBXBuildFile; fileRef = A69530062992E9A2009C5C9B /* UnauthenticatedView.swift */; };
		A69530092992EA01009C5C9B /* DependencyManager.swift in Sources */ = {isa = PBXBuildFile; fileRef = A69530082992EA01009C5C9B /* DependencyManager.swift */; };
		A6C8C30A2993FEEC005C245F /* FormatterAssembly.swift in Sources */ = {isa = PBXBuildFile; fileRef = A6C8C3092993FEEC005C245F /* FormatterAssembly.swift */; };
		A6C8C30C2993FFAD005C245F /* ConverterAssembly.swift in Sources */ = {isa = PBXBuildFile; fileRef = A6C8C30B2993FFAD005C245F /* ConverterAssembly.swift */; };
		A6C8C30E2994002D005C245F /* RepositoryAssembly.swift in Sources */ = {isa = PBXBuildFile; fileRef = A6C8C30D2994002D005C245F /* RepositoryAssembly.swift */; };
		A6C8C310299400C2005C245F /* TimelineAssembly.swift in Sources */ = {isa = PBXBuildFile; fileRef = A6C8C30F299400C2005C245F /* TimelineAssembly.swift */; };
		A6C8C31229940B1A005C245F /* MockTwitterApiClient.swift in Sources */ = {isa = PBXBuildFile; fileRef = A6C8C31129940B1A005C245F /* MockTwitterApiClient.swift */; };
		A6C8C31429940B70005C245F /* DefaultTwitterApiClient.swift in Sources */ = {isa = PBXBuildFile; fileRef = A6C8C31329940B70005C245F /* DefaultTwitterApiClient.swift */; };
		A6C8C31829940F22005C245F /* bootstrapPreview.swift in Sources */ = {isa = PBXBuildFile; fileRef = A6C8C31729940F22005C245F /* bootstrapPreview.swift */; };
		A6E7EAA129806420009D5E4B /* AppTabBar.swift in Sources */ = {isa = PBXBuildFile; fileRef = A6E7EAA029806420009D5E4B /* AppTabBar.swift */; };
		A6E7EAA329808472009D5E4B /* Tab.swift in Sources */ = {isa = PBXBuildFile; fileRef = A6E7EAA229808472009D5E4B /* Tab.swift */; };
/* End PBXBuildFile section */

/* Begin PBXCopyFilesBuildPhase section */
		A667FB3E2991B3A60065CD77 /* Embed Frameworks */ = {
			isa = PBXCopyFilesBuildPhase;
			buildActionMask = 2147483647;
			dstPath = "";
			dstSubfolderSpec = 10;
			files = (
				A667FB3D2991B3A60065CD77 /* Swinject-Dynamic in Embed Frameworks */,
			);
			name = "Embed Frameworks";
			runOnlyForDeploymentPostprocessing = 0;
		};
/* End PBXCopyFilesBuildPhase section */

/* Begin PBXFileReference section */
		A61E8F67299198C4009F7715 /* TimelineViewModel.swift */ = {isa = PBXFileReference; lastKnownFileType = sourcecode.swift; path = TimelineViewModel.swift; sourceTree = "<group>"; };
		A65B3F212983271D00F39109 /* TimelineQuotedTweet.swift */ = {isa = PBXFileReference; lastKnownFileType = sourcecode.swift; path = TimelineQuotedTweet.swift; sourceTree = "<group>"; };
		A65B3F2629833AEE00F39109 /* TimelineTweet.swift */ = {isa = PBXFileReference; lastKnownFileType = sourcecode.swift; path = TimelineTweet.swift; sourceTree = "<group>"; };
		A65B3F2929833B7200F39109 /* Avatar.swift */ = {isa = PBXFileReference; lastKnownFileType = sourcecode.swift; path = Avatar.swift; sourceTree = "<group>"; };
		A65B3F2B29833B9600F39109 /* TimelineAvatar.swift */ = {isa = PBXFileReference; lastKnownFileType = sourcecode.swift; path = TimelineAvatar.swift; sourceTree = "<group>"; };
		A65B3F2D298345F900F39109 /* TimelineMedia.swift */ = {isa = PBXFileReference; lastKnownFileType = sourcecode.swift; path = TimelineMedia.swift; sourceTree = "<group>"; };
		A65B3F31298346CF00F39109 /* Tweet.swift */ = {isa = PBXFileReference; lastKnownFileType = sourcecode.swift; path = Tweet.swift; sourceTree = "<group>"; };
		A65B3F332983477500F39109 /* User.swift */ = {isa = PBXFileReference; lastKnownFileType = sourcecode.swift; path = User.swift; sourceTree = "<group>"; };
		A66453AF298DC1EE001F99B4 /* ApiConverterError.swift */ = {isa = PBXFileReference; lastKnownFileType = sourcecode.swift; path = ApiConverterError.swift; sourceTree = "<group>"; };
		A66453B2298EDDD4001F99B4 /* TweetRepository.swift */ = {isa = PBXFileReference; lastKnownFileType = sourcecode.swift; path = TweetRepository.swift; sourceTree = "<group>"; };
		A66453B4298EDE17001F99B4 /* TwitterApiClient.swift */ = {isa = PBXFileReference; lastKnownFileType = sourcecode.swift; path = TwitterApiClient.swift; sourceTree = "<group>"; };
		A66453B6298EDE61001F99B4 /* RepositoryCollection.swift */ = {isa = PBXFileReference; lastKnownFileType = sourcecode.swift; path = RepositoryCollection.swift; sourceTree = "<group>"; };
		A66453B8298EE904001F99B4 /* Credentials.swift */ = {isa = PBXFileReference; lastKnownFileType = sourcecode.swift; path = Credentials.swift; sourceTree = "<group>"; };
		A66453BC298F005E001F99B4 /* App.xcconfig */ = {isa = PBXFileReference; lastKnownFileType = text.xcconfig; path = App.xcconfig; sourceTree = "<group>"; };
		A66453BD298F027F001F99B4 /* Configuration.swift */ = {isa = PBXFileReference; lastKnownFileType = sourcecode.swift; path = Configuration.swift; sourceTree = "<group>"; };
		A66453BF298F030A001F99B4 /* Info.plist */ = {isa = PBXFileReference; lastKnownFileType = text.plist; path = Info.plist; sourceTree = "<group>"; };
		A66453C4298F09AD001F99B4 /* OauthHttpClient.swift */ = {isa = PBXFileReference; lastKnownFileType = sourcecode.swift; path = OauthHttpClient.swift; sourceTree = "<group>"; };
		A667F93F297F320800C25D8C /* MockingbirdApp.app */ = {isa = PBXFileReference; explicitFileType = wrapper.application; includeInIndex = 0; path = MockingbirdApp.app; sourceTree = BUILT_PRODUCTS_DIR; };
		A667F942297F320800C25D8C /* MockingbirdApp.swift */ = {isa = PBXFileReference; lastKnownFileType = sourcecode.swift; path = MockingbirdApp.swift; sourceTree = "<group>"; };
		A667F946297F320900C25D8C /* Assets.xcassets */ = {isa = PBXFileReference; lastKnownFileType = folder.assetcatalog; path = Assets.xcassets; sourceTree = "<group>"; };
		A667F948297F320900C25D8C /* MockingbirdApp.entitlements */ = {isa = PBXFileReference; lastKnownFileType = text.plist.entitlements; path = MockingbirdApp.entitlements; sourceTree = "<group>"; };
		A667F94A297F320900C25D8C /* Preview Assets.xcassets */ = {isa = PBXFileReference; lastKnownFileType = folder.assetcatalog; path = "Preview Assets.xcassets"; sourceTree = "<group>"; };
		A667F96F297F37FA00C25D8C /* HomeTab.swift */ = {isa = PBXFileReference; lastKnownFileType = sourcecode.swift; path = HomeTab.swift; sourceTree = "<group>"; };
		A667F971297F381500C25D8C /* FavoritesTab.swift */ = {isa = PBXFileReference; lastKnownFileType = sourcecode.swift; path = FavoritesTab.swift; sourceTree = "<group>"; };
		A674445B2984525D00B16BF9 /* Media.swift */ = {isa = PBXFileReference; lastKnownFileType = sourcecode.swift; path = Media.swift; sourceTree = "<group>"; };
		A67444602985CD9900B16BF9 /* Theme.swift */ = {isa = PBXFileReference; lastKnownFileType = sourcecode.swift; path = Theme.swift; sourceTree = "<group>"; };
		A674446F298720EF00B16BF9 /* V2TweetsResponseConverter.swift */ = {isa = PBXFileReference; lastKnownFileType = sourcecode.swift; path = V2TweetsResponseConverter.swift; sourceTree = "<group>"; };
		A6744474298879CA00B16BF9 /* v2_timeline_reverse_chronological.json */ = {isa = PBXFileReference; fileEncoding = 4; lastKnownFileType = text.json; path = v2_timeline_reverse_chronological.json; sourceTree = "<group>"; };
		A674447629887A1A00B16BF9 /* Timeline.swift */ = {isa = PBXFileReference; lastKnownFileType = sourcecode.swift; path = Timeline.swift; sourceTree = "<group>"; };
		A6744478298981AC00B16BF9 /* V2ResponseBody.swift */ = {isa = PBXFileReference; lastKnownFileType = sourcecode.swift; path = V2ResponseBody.swift; sourceTree = "<group>"; };
		A674447B2989825E00B16BF9 /* V2Tweet.swift */ = {isa = PBXFileReference; lastKnownFileType = sourcecode.swift; path = V2Tweet.swift; sourceTree = "<group>"; };
		A674447F298AF2DC00B16BF9 /* V2User.swift */ = {isa = PBXFileReference; lastKnownFileType = sourcecode.swift; path = V2User.swift; sourceTree = "<group>"; };
		A6744481298AF2E500B16BF9 /* V2Media.swift */ = {isa = PBXFileReference; lastKnownFileType = sourcecode.swift; path = V2Media.swift; sourceTree = "<group>"; };
		A6744483298B048700B16BF9 /* V2ReferencedTweet.swift */ = {isa = PBXFileReference; lastKnownFileType = sourcecode.swift; path = V2ReferencedTweet.swift; sourceTree = "<group>"; };
		A6744485298C281F00B16BF9 /* ApiResponseDecoderFactory.swift */ = {isa = PBXFileReference; lastKnownFileType = sourcecode.swift; path = ApiResponseDecoderFactory.swift; sourceTree = "<group>"; };
		A690FEE429819F140020DDD7 /* MacAppView.swift */ = {isa = PBXFileReference; lastKnownFileType = sourcecode.swift; path = MacAppView.swift; sourceTree = "<group>"; };
		A690FEE629819F250020DDD7 /* PhoneAppView.swift */ = {isa = PBXFileReference; lastKnownFileType = sourcecode.swift; path = PhoneAppView.swift; sourceTree = "<group>"; };
		A690FEE829819F320020DDD7 /* PadAppView.swift */ = {isa = PBXFileReference; lastKnownFileType = sourcecode.swift; path = PadAppView.swift; sourceTree = "<group>"; };
		A690FEEA2981A04C0020DDD7 /* LayoutConfiguration.swift */ = {isa = PBXFileReference; lastKnownFileType = sourcecode.swift; path = LayoutConfiguration.swift; sourceTree = "<group>"; };
		A690FEEC2981B0710020DDD7 /* Device.swift */ = {isa = PBXFileReference; lastKnownFileType = sourcecode.swift; path = Device.swift; sourceTree = "<group>"; };
		A694D131299317190022CAF6 /* TimeAgoFormatter.swift */ = {isa = PBXFileReference; lastKnownFileType = sourcecode.swift; path = TimeAgoFormatter.swift; sourceTree = "<group>"; };
		A69530062992E9A2009C5C9B /* UnauthenticatedView.swift */ = {isa = PBXFileReference; lastKnownFileType = sourcecode.swift; path = UnauthenticatedView.swift; sourceTree = "<group>"; };
		A69530082992EA01009C5C9B /* DependencyManager.swift */ = {isa = PBXFileReference; lastKnownFileType = sourcecode.swift; path = DependencyManager.swift; sourceTree = "<group>"; };
		A6C8C3092993FEEC005C245F /* FormatterAssembly.swift */ = {isa = PBXFileReference; lastKnownFileType = sourcecode.swift; path = FormatterAssembly.swift; sourceTree = "<group>"; };
		A6C8C30B2993FFAD005C245F /* ConverterAssembly.swift */ = {isa = PBXFileReference; lastKnownFileType = sourcecode.swift; path = ConverterAssembly.swift; sourceTree = "<group>"; };
		A6C8C30D2994002D005C245F /* RepositoryAssembly.swift */ = {isa = PBXFileReference; lastKnownFileType = sourcecode.swift; path = RepositoryAssembly.swift; sourceTree = "<group>"; };
		A6C8C30F299400C2005C245F /* TimelineAssembly.swift */ = {isa = PBXFileReference; lastKnownFileType = sourcecode.swift; path = TimelineAssembly.swift; sourceTree = "<group>"; };
		A6C8C31129940B1A005C245F /* MockTwitterApiClient.swift */ = {isa = PBXFileReference; lastKnownFileType = sourcecode.swift; path = MockTwitterApiClient.swift; sourceTree = "<group>"; };
		A6C8C31329940B70005C245F /* DefaultTwitterApiClient.swift */ = {isa = PBXFileReference; lastKnownFileType = sourcecode.swift; path = DefaultTwitterApiClient.swift; sourceTree = "<group>"; };
		A6C8C31729940F22005C245F /* bootstrapPreview.swift */ = {isa = PBXFileReference; lastKnownFileType = sourcecode.swift; path = bootstrapPreview.swift; sourceTree = "<group>"; };
		A6E7EAA029806420009D5E4B /* AppTabBar.swift */ = {isa = PBXFileReference; lastKnownFileType = sourcecode.swift; path = AppTabBar.swift; sourceTree = "<group>"; };
		A6E7EAA229808472009D5E4B /* Tab.swift */ = {isa = PBXFileReference; lastKnownFileType = sourcecode.swift; path = Tab.swift; sourceTree = "<group>"; };
/* End PBXFileReference section */

/* Begin PBXFrameworksBuildPhase section */
		A667F93C297F320800C25D8C /* Frameworks */ = {
			isa = PBXFrameworksBuildPhase;
			buildActionMask = 2147483647;
			files = (
				A66453C8298F0C91001F99B4 /* OhhAuth in Frameworks */,
				A67444682985CECE00B16BF9 /* NukeUI in Frameworks */,
				A67444642985CECE00B16BF9 /* Nuke in Frameworks */,
				A61E8F6B2991A3DC009F7715 /* Swinject-Dynamic in Frameworks */,
				A67444662985CECE00B16BF9 /* NukeExtensions in Frameworks */,
			);
			runOnlyForDeploymentPostprocessing = 0;
		};
/* End PBXFrameworksBuildPhase section */

/* Begin PBXGroup section */
		A65B3F202983264D00F39109 /* Timeline */ = {
			isa = PBXGroup;
			children = (
				A674447629887A1A00B16BF9 /* Timeline.swift */,
				A6C8C30F299400C2005C245F /* TimelineAssembly.swift */,
				A65B3F2B29833B9600F39109 /* TimelineAvatar.swift */,
				A65B3F2D298345F900F39109 /* TimelineMedia.swift */,
				A65B3F212983271D00F39109 /* TimelineQuotedTweet.swift */,
				A65B3F2629833AEE00F39109 /* TimelineTweet.swift */,
				A61E8F67299198C4009F7715 /* TimelineViewModel.swift */,
			);
			path = Timeline;
			sourceTree = "<group>";
		};
		A65B3F2829833B4C00F39109 /* User */ = {
			isa = PBXGroup;
			children = (
				A65B3F2929833B7200F39109 /* Avatar.swift */,
			);
			path = User;
			sourceTree = "<group>";
		};
		A66453B1298EDDB5001F99B4 /* Repository */ = {
			isa = PBXGroup;
			children = (
				A6C8C30D2994002D005C245F /* RepositoryAssembly.swift */,
				A66453B6298EDE61001F99B4 /* RepositoryCollection.swift */,
				A66453B2298EDDD4001F99B4 /* TweetRepository.swift */,
			);
			path = Repository;
			sourceTree = "<group>";
		};
		A66453BA298F001B001F99B4 /* Configuration */ = {
			isa = PBXGroup;
			children = (
				A66453BC298F005E001F99B4 /* App.xcconfig */,
				A66453BD298F027F001F99B4 /* Configuration.swift */,
			);
			path = Configuration;
			sourceTree = "<group>";
		};
		A66453C3298F099C001F99B4 /* Network */ = {
			isa = PBXGroup;
			children = (
				A66453C4298F09AD001F99B4 /* OauthHttpClient.swift */,
			);
			path = Network;
			sourceTree = "<group>";
		};
		A667F936297F320800C25D8C = {
			isa = PBXGroup;
			children = (
				A694D130299316B50022CAF6 /* Formatter */,
				A66453BA298F001B001F99B4 /* Configuration */,
				A6C487A1298DBD40006CE567 /* Converter */,
				A667F941297F320800C25D8C /* MockingbirdApp */,
				A674446D2987206E00B16BF9 /* Model */,
				A66453C3298F099C001F99B4 /* Network */,
				A66453B1298EDDB5001F99B4 /* Repository */,
				A674446C2987205A00B16BF9 /* TwitterApi */,
				A667F940297F320800C25D8C /* Products */,
			);
			sourceTree = "<group>";
		};
		A667F940297F320800C25D8C /* Products */ = {
			isa = PBXGroup;
			children = (
				A667F93F297F320800C25D8C /* MockingbirdApp.app */,
			);
			name = Products;
			sourceTree = "<group>";
		};
		A667F941297F320800C25D8C /* MockingbirdApp */ = {
			isa = PBXGroup;
			children = (
				A667F96D297F356F00C25D8C /* App */,
				A667F946297F320900C25D8C /* Assets.xcassets */,
				A690FEEC2981B0710020DDD7 /* Device.swift */,
				A66453BF298F030A001F99B4 /* Info.plist */,
				A667F948297F320900C25D8C /* MockingbirdApp.entitlements */,
				A667F949297F320900C25D8C /* Preview Content */,
				A65B3F202983264D00F39109 /* Timeline */,
				A65B3F2829833B4C00F39109 /* User */,
			);
			path = MockingbirdApp;
			sourceTree = "<group>";
		};
		A667F949297F320900C25D8C /* Preview Content */ = {
			isa = PBXGroup;
			children = (
				A6744474298879CA00B16BF9 /* v2_timeline_reverse_chronological.json */,
				A6C8C31129940B1A005C245F /* MockTwitterApiClient.swift */,
				A667F94A297F320900C25D8C /* Preview Assets.xcassets */,
				A6C8C31729940F22005C245F /* bootstrapPreview.swift */,
			);
			path = "Preview Content";
			sourceTree = "<group>";
		};
		A667F96D297F356F00C25D8C /* App */ = {
			isa = PBXGroup;
			children = (
				A6E7EAA029806420009D5E4B /* AppTabBar.swift */,
				A690FEEA2981A04C0020DDD7 /* LayoutConfiguration.swift */,
				A690FEE429819F140020DDD7 /* MacAppView.swift */,
				A667F942297F320800C25D8C /* MockingbirdApp.swift */,
				A690FEE829819F320020DDD7 /* PadAppView.swift */,
				A690FEE629819F250020DDD7 /* PhoneAppView.swift */,
				A667F96E297F37CB00C25D8C /* Tabs */,
				A67444602985CD9900B16BF9 /* Theme.swift */,
				A69530062992E9A2009C5C9B /* UnauthenticatedView.swift */,
				A69530082992EA01009C5C9B /* DependencyManager.swift */,
			);
			path = App;
			sourceTree = "<group>";
		};
		A667F96E297F37CB00C25D8C /* Tabs */ = {
			isa = PBXGroup;
			children = (
				A667F971297F381500C25D8C /* FavoritesTab.swift */,
				A667F96F297F37FA00C25D8C /* HomeTab.swift */,
				A6E7EAA229808472009D5E4B /* Tab.swift */,
			);
			path = Tabs;
			sourceTree = "<group>";
		};
		A674446C2987205A00B16BF9 /* TwitterApi */ = {
			isa = PBXGroup;
			children = (
				A6744485298C281F00B16BF9 /* ApiResponseDecoderFactory.swift */,
				A6C8C31329940B70005C245F /* DefaultTwitterApiClient.swift */,
				A6744471298866CA00B16BF9 /* ResponseModel */,
				A66453B4298EDE17001F99B4 /* TwitterApiClient.swift */,
			);
			path = TwitterApi;
			sourceTree = "<group>";
		};
		A674446D2987206E00B16BF9 /* Model */ = {
			isa = PBXGroup;
			children = (
				A674445B2984525D00B16BF9 /* Media.swift */,
				A65B3F31298346CF00F39109 /* Tweet.swift */,
				A65B3F332983477500F39109 /* User.swift */,
				A66453B8298EE904001F99B4 /* Credentials.swift */,
			);
			path = Model;
			sourceTree = "<group>";
		};
		A6744471298866CA00B16BF9 /* ResponseModel */ = {
			isa = PBXGroup;
			children = (
				A6744478298981AC00B16BF9 /* V2ResponseBody.swift */,
				A674447B2989825E00B16BF9 /* V2Tweet.swift */,
				A674447F298AF2DC00B16BF9 /* V2User.swift */,
				A6744481298AF2E500B16BF9 /* V2Media.swift */,
				A6744483298B048700B16BF9 /* V2ReferencedTweet.swift */,
			);
			path = ResponseModel;
			sourceTree = "<group>";
		};
		A694D130299316B50022CAF6 /* Formatter */ = {
			isa = PBXGroup;
			children = (
				A6C8C3092993FEEC005C245F /* FormatterAssembly.swift */,
				A694D131299317190022CAF6 /* TimeAgoFormatter.swift */,
			);
			path = Formatter;
			sourceTree = "<group>";
		};
		A6C487A1298DBD40006CE567 /* Converter */ = {
			isa = PBXGroup;
			children = (
				A66453AF298DC1EE001F99B4 /* ApiConverterError.swift */,
				A6C8C30B2993FFAD005C245F /* ConverterAssembly.swift */,
				A674446F298720EF00B16BF9 /* V2TweetsResponseConverter.swift */,
			);
			path = Converter;
			sourceTree = "<group>";
		};
/* End PBXGroup section */

/* Begin PBXNativeTarget section */
		A667F93E297F320800C25D8C /* MockingbirdApp */ = {
			isa = PBXNativeTarget;
			buildConfigurationList = A667F964297F320A00C25D8C /* Build configuration list for PBXNativeTarget "MockingbirdApp" */;
			buildPhases = (
				A667F93B297F320800C25D8C /* Sources */,
				A667F93C297F320800C25D8C /* Frameworks */,
				A667F93D297F320800C25D8C /* Resources */,
				A667FB3E2991B3A60065CD77 /* Embed Frameworks */,
			);
			buildRules = (
			);
			dependencies = (
			);
			name = MockingbirdApp;
			packageProductDependencies = (
				A67444632985CECE00B16BF9 /* Nuke */,
				A67444652985CECE00B16BF9 /* NukeExtensions */,
				A67444672985CECE00B16BF9 /* NukeUI */,
				A66453C7298F0C91001F99B4 /* OhhAuth */,
				A61E8F6A2991A3DC009F7715 /* Swinject-Dynamic */,
			);
			productName = MockingbirdApp;
			productReference = A667F93F297F320800C25D8C /* MockingbirdApp.app */;
			productType = "com.apple.product-type.application";
		};
/* End PBXNativeTarget section */

/* Begin PBXProject section */
		A667F937297F320800C25D8C /* Project object */ = {
			isa = PBXProject;
			attributes = {
				BuildIndependentTargetsInParallel = 1;
				LastSwiftUpdateCheck = 1420;
				LastUpgradeCheck = 1420;
				TargetAttributes = {
					A667F93E297F320800C25D8C = {
						CreatedOnToolsVersion = 14.2;
					};
				};
			};
			buildConfigurationList = A667F93A297F320800C25D8C /* Build configuration list for PBXProject "MockingbirdApp" */;
			compatibilityVersion = "Xcode 14.0";
			developmentRegion = en;
			hasScannedForEncodings = 0;
			knownRegions = (
				en,
				Base,
			);
			mainGroup = A667F936297F320800C25D8C;
			packageReferences = (
				A67444622985CECE00B16BF9 /* XCRemoteSwiftPackageReference "Nuke" */,
				A66453C6298F0C91001F99B4 /* XCRemoteSwiftPackageReference "OhhAuth" */,
				A61E8F692991A3DC009F7715 /* XCRemoteSwiftPackageReference "Swinject" */,
			);
			productRefGroup = A667F940297F320800C25D8C /* Products */;
			projectDirPath = "";
			projectRoot = "";
			targets = (
				A667F93E297F320800C25D8C /* MockingbirdApp */,
			);
		};
/* End PBXProject section */

/* Begin PBXResourcesBuildPhase section */
		A667F93D297F320800C25D8C /* Resources */ = {
			isa = PBXResourcesBuildPhase;
			buildActionMask = 2147483647;
			files = (
				A667F94B297F320900C25D8C /* Preview Assets.xcassets in Resources */,
				A667F947297F320900C25D8C /* Assets.xcassets in Resources */,
				A6744475298879CA00B16BF9 /* v2_timeline_reverse_chronological.json in Resources */,
			);
			runOnlyForDeploymentPostprocessing = 0;
		};
/* End PBXResourcesBuildPhase section */

/* Begin PBXSourcesBuildPhase section */
		A667F93B297F320800C25D8C /* Sources */ = {
			isa = PBXSourcesBuildPhase;
			buildActionMask = 2147483647;
			files = (
				A690FEED2981B0710020DDD7 /* Device.swift in Sources */,
				A66453B7298EDE61001F99B4 /* RepositoryCollection.swift in Sources */,
				A667F970297F37FA00C25D8C /* HomeTab.swift in Sources */,
				A66453B9298EE904001F99B4 /* Credentials.swift in Sources */,
				A690FEEB2981A04C0020DDD7 /* LayoutConfiguration.swift in Sources */,
				A6C8C31429940B70005C245F /* DefaultTwitterApiClient.swift in Sources */,
				A6C8C30E2994002D005C245F /* RepositoryAssembly.swift in Sources */,
				A65B3F2E298345F900F39109 /* TimelineMedia.swift in Sources */,
				A667F943297F320800C25D8C /* MockingbirdApp.swift in Sources */,
				A690FEE929819F320020DDD7 /* PadAppView.swift in Sources */,
				A66453C5298F09AD001F99B4 /* OauthHttpClient.swift in Sources */,
				A6744480298AF2DC00B16BF9 /* V2User.swift in Sources */,
				A65B3F2729833AEE00F39109 /* TimelineTweet.swift in Sources */,
				A6C8C31829940F22005C245F /* bootstrapPreview.swift in Sources */,
				A66453BE298F027F001F99B4 /* Configuration.swift in Sources */,
				A65B3F342983477500F39109 /* User.swift in Sources */,
				A690FEE729819F250020DDD7 /* PhoneAppView.swift in Sources */,
				A6E7EAA329808472009D5E4B /* Tab.swift in Sources */,
				A66453B0298DC1EE001F99B4 /* ApiConverterError.swift in Sources */,
				A6C8C30A2993FEEC005C245F /* FormatterAssembly.swift in Sources */,
				A65B3F2C29833B9600F39109 /* TimelineAvatar.swift in Sources */,
				A65B3F2A29833B7200F39109 /* Avatar.swift in Sources */,
				A667F972297F381500C25D8C /* FavoritesTab.swift in Sources */,
				A66453B3298EDDD4001F99B4 /* TweetRepository.swift in Sources */,
				A67444612985CD9900B16BF9 /* Theme.swift in Sources */,
				A690FEE529819F140020DDD7 /* MacAppView.swift in Sources */,
				A69530072992E9A2009C5C9B /* UnauthenticatedView.swift in Sources */,
				A674447729887A1A00B16BF9 /* Timeline.swift in Sources */,
				A674445C2984525D00B16BF9 /* Media.swift in Sources */,
				A61E8F68299198C4009F7715 /* TimelineViewModel.swift in Sources */,
				A6C8C310299400C2005C245F /* TimelineAssembly.swift in Sources */,
				A6744479298981AC00B16BF9 /* V2ResponseBody.swift in Sources */,
				A6744486298C281F00B16BF9 /* ApiResponseDecoderFactory.swift in Sources */,
				A6C8C31229940B1A005C245F /* MockTwitterApiClient.swift in Sources */,
				A6E7EAA129806420009D5E4B /* AppTabBar.swift in Sources */,
				A6744484298B048700B16BF9 /* V2ReferencedTweet.swift in Sources */,
				A65B3F222983271D00F39109 /* TimelineQuotedTweet.swift in Sources */,
				A6C8C30C2993FFAD005C245F /* ConverterAssembly.swift in Sources */,
				A6744482298AF2E500B16BF9 /* V2Media.swift in Sources */,
				A66453B5298EDE17001F99B4 /* TwitterApiClient.swift in Sources */,
				A694D132299317190022CAF6 /* TimeAgoFormatter.swift in Sources */,
				A65B3F32298346CF00F39109 /* Tweet.swift in Sources */,
				A6744470298720EF00B16BF9 /* V2TweetsResponseConverter.swift in Sources */,
				A69530092992EA01009C5C9B /* DependencyManager.swift in Sources */,
				A674447C2989825E00B16BF9 /* V2Tweet.swift in Sources */,
			);
			runOnlyForDeploymentPostprocessing = 0;
		};
/* End PBXSourcesBuildPhase section */

/* Begin XCBuildConfiguration section */
		A667F962297F320A00C25D8C /* Debug */ = {
			isa = XCBuildConfiguration;
			buildSettings = {
				ALWAYS_SEARCH_USER_PATHS = NO;
				CLANG_ANALYZER_NONNULL = YES;
				CLANG_ANALYZER_NUMBER_OBJECT_CONVERSION = YES_AGGRESSIVE;
				CLANG_CXX_LANGUAGE_STANDARD = "gnu++20";
				CLANG_ENABLE_MODULES = YES;
				CLANG_ENABLE_OBJC_ARC = YES;
				CLANG_ENABLE_OBJC_WEAK = YES;
				CLANG_WARN_BLOCK_CAPTURE_AUTORELEASING = YES;
				CLANG_WARN_BOOL_CONVERSION = YES;
				CLANG_WARN_COMMA = YES;
				CLANG_WARN_CONSTANT_CONVERSION = YES;
				CLANG_WARN_DEPRECATED_OBJC_IMPLEMENTATIONS = YES;
				CLANG_WARN_DIRECT_OBJC_ISA_USAGE = YES_ERROR;
				CLANG_WARN_DOCUMENTATION_COMMENTS = YES;
				CLANG_WARN_EMPTY_BODY = YES;
				CLANG_WARN_ENUM_CONVERSION = YES;
				CLANG_WARN_INFINITE_RECURSION = YES;
				CLANG_WARN_INT_CONVERSION = YES;
				CLANG_WARN_NON_LITERAL_NULL_CONVERSION = YES;
				CLANG_WARN_OBJC_IMPLICIT_RETAIN_SELF = YES;
				CLANG_WARN_OBJC_LITERAL_CONVERSION = YES;
				CLANG_WARN_OBJC_ROOT_CLASS = YES_ERROR;
				CLANG_WARN_QUOTED_INCLUDE_IN_FRAMEWORK_HEADER = YES;
				CLANG_WARN_RANGE_LOOP_ANALYSIS = YES;
				CLANG_WARN_STRICT_PROTOTYPES = YES;
				CLANG_WARN_SUSPICIOUS_MOVE = YES;
				CLANG_WARN_UNGUARDED_AVAILABILITY = YES_AGGRESSIVE;
				CLANG_WARN_UNREACHABLE_CODE = YES;
				CLANG_WARN__DUPLICATE_METHOD_MATCH = YES;
				COPY_PHASE_STRIP = NO;
				DEBUG_INFORMATION_FORMAT = dwarf;
				ENABLE_STRICT_OBJC_MSGSEND = YES;
				ENABLE_TESTABILITY = YES;
				GCC_C_LANGUAGE_STANDARD = gnu11;
				GCC_DYNAMIC_NO_PIC = NO;
				GCC_NO_COMMON_BLOCKS = YES;
				GCC_OPTIMIZATION_LEVEL = 0;
				GCC_PREPROCESSOR_DEFINITIONS = (
					"DEBUG=1",
					"$(inherited)",
				);
				GCC_WARN_64_TO_32_BIT_CONVERSION = YES;
				GCC_WARN_ABOUT_RETURN_TYPE = YES_ERROR;
				GCC_WARN_UNDECLARED_SELECTOR = YES;
				GCC_WARN_UNINITIALIZED_AUTOS = YES_AGGRESSIVE;
				GCC_WARN_UNUSED_FUNCTION = YES;
				GCC_WARN_UNUSED_VARIABLE = YES;
				MTL_ENABLE_DEBUG_INFO = INCLUDE_SOURCE;
				MTL_FAST_MATH = YES;
				ONLY_ACTIVE_ARCH = YES;
				SWIFT_ACTIVE_COMPILATION_CONDITIONS = DEBUG;
				SWIFT_OPTIMIZATION_LEVEL = "-Onone";
			};
			name = Debug;
		};
		A667F963297F320A00C25D8C /* Release */ = {
			isa = XCBuildConfiguration;
			buildSettings = {
				ALWAYS_SEARCH_USER_PATHS = NO;
				CLANG_ANALYZER_NONNULL = YES;
				CLANG_ANALYZER_NUMBER_OBJECT_CONVERSION = YES_AGGRESSIVE;
				CLANG_CXX_LANGUAGE_STANDARD = "gnu++20";
				CLANG_ENABLE_MODULES = YES;
				CLANG_ENABLE_OBJC_ARC = YES;
				CLANG_ENABLE_OBJC_WEAK = YES;
				CLANG_WARN_BLOCK_CAPTURE_AUTORELEASING = YES;
				CLANG_WARN_BOOL_CONVERSION = YES;
				CLANG_WARN_COMMA = YES;
				CLANG_WARN_CONSTANT_CONVERSION = YES;
				CLANG_WARN_DEPRECATED_OBJC_IMPLEMENTATIONS = YES;
				CLANG_WARN_DIRECT_OBJC_ISA_USAGE = YES_ERROR;
				CLANG_WARN_DOCUMENTATION_COMMENTS = YES;
				CLANG_WARN_EMPTY_BODY = YES;
				CLANG_WARN_ENUM_CONVERSION = YES;
				CLANG_WARN_INFINITE_RECURSION = YES;
				CLANG_WARN_INT_CONVERSION = YES;
				CLANG_WARN_NON_LITERAL_NULL_CONVERSION = YES;
				CLANG_WARN_OBJC_IMPLICIT_RETAIN_SELF = YES;
				CLANG_WARN_OBJC_LITERAL_CONVERSION = YES;
				CLANG_WARN_OBJC_ROOT_CLASS = YES_ERROR;
				CLANG_WARN_QUOTED_INCLUDE_IN_FRAMEWORK_HEADER = YES;
				CLANG_WARN_RANGE_LOOP_ANALYSIS = YES;
				CLANG_WARN_STRICT_PROTOTYPES = YES;
				CLANG_WARN_SUSPICIOUS_MOVE = YES;
				CLANG_WARN_UNGUARDED_AVAILABILITY = YES_AGGRESSIVE;
				CLANG_WARN_UNREACHABLE_CODE = YES;
				CLANG_WARN__DUPLICATE_METHOD_MATCH = YES;
				COPY_PHASE_STRIP = NO;
				DEBUG_INFORMATION_FORMAT = "dwarf-with-dsym";
				ENABLE_NS_ASSERTIONS = NO;
				ENABLE_STRICT_OBJC_MSGSEND = YES;
				GCC_C_LANGUAGE_STANDARD = gnu11;
				GCC_NO_COMMON_BLOCKS = YES;
				GCC_WARN_64_TO_32_BIT_CONVERSION = YES;
				GCC_WARN_ABOUT_RETURN_TYPE = YES_ERROR;
				GCC_WARN_UNDECLARED_SELECTOR = YES;
				GCC_WARN_UNINITIALIZED_AUTOS = YES_AGGRESSIVE;
				GCC_WARN_UNUSED_FUNCTION = YES;
				GCC_WARN_UNUSED_VARIABLE = YES;
				MTL_ENABLE_DEBUG_INFO = NO;
				MTL_FAST_MATH = YES;
				SWIFT_COMPILATION_MODE = wholemodule;
				SWIFT_OPTIMIZATION_LEVEL = "-O";
			};
			name = Release;
		};
		A667F965297F320A00C25D8C /* Debug */ = {
			isa = XCBuildConfiguration;
			baseConfigurationReference = A66453BC298F005E001F99B4 /* App.xcconfig */;
			buildSettings = {
				ASSETCATALOG_COMPILER_APPICON_NAME = AppIcon;
				ASSETCATALOG_COMPILER_GLOBAL_ACCENT_COLOR_NAME = AccentColor;
				CODE_SIGN_ENTITLEMENTS = MockingbirdApp/MockingbirdApp.entitlements;
				CODE_SIGN_STYLE = Automatic;
				CURRENT_PROJECT_VERSION = 1;
				DEVELOPMENT_ASSET_PATHS = "\"MockingbirdApp/Preview Content\"";
				ENABLE_PREVIEWS = YES;
				GENERATE_INFOPLIST_FILE = YES;
				INFOPLIST_FILE = MockingbirdApp/Info.plist;
				INFOPLIST_KEY_CFBundleDisplayName = Mockingbird;
				INFOPLIST_KEY_LSApplicationCategoryType = "public.app-category.social-networking";
				"INFOPLIST_KEY_UIApplicationSceneManifest_Generation[sdk=iphoneos*]" = YES;
				"INFOPLIST_KEY_UIApplicationSceneManifest_Generation[sdk=iphonesimulator*]" = YES;
				"INFOPLIST_KEY_UIApplicationSupportsIndirectInputEvents[sdk=iphoneos*]" = YES;
				"INFOPLIST_KEY_UIApplicationSupportsIndirectInputEvents[sdk=iphonesimulator*]" = YES;
				"INFOPLIST_KEY_UILaunchScreen_Generation[sdk=iphoneos*]" = YES;
				"INFOPLIST_KEY_UILaunchScreen_Generation[sdk=iphonesimulator*]" = YES;
				"INFOPLIST_KEY_UIStatusBarStyle[sdk=iphoneos*]" = UIStatusBarStyleDefault;
				"INFOPLIST_KEY_UIStatusBarStyle[sdk=iphonesimulator*]" = UIStatusBarStyleDefault;
				INFOPLIST_KEY_UISupportedInterfaceOrientations = UIInterfaceOrientationPortrait;
				INFOPLIST_KEY_UISupportedInterfaceOrientations_iPad = "UIInterfaceOrientationLandscapeLeft UIInterfaceOrientationLandscapeRight UIInterfaceOrientationPortrait UIInterfaceOrientationPortraitUpsideDown";
				IPHONEOS_DEPLOYMENT_TARGET = 16.2;
				LD_RUNPATH_SEARCH_PATHS = "@executable_path/Frameworks";
				"LD_RUNPATH_SEARCH_PATHS[sdk=macosx*]" = "@executable_path/../Frameworks";
				MACOSX_DEPLOYMENT_TARGET = 13.0;
				MARKETING_VERSION = 1.0;
				PRODUCT_BUNDLE_IDENTIFIER = com.mikeyclarke.MockingbirdApp.MockingbirdApp;
				PRODUCT_NAME = "$(TARGET_NAME)";
				SDKROOT = auto;
				SUPPORTED_PLATFORMS = "iphoneos iphonesimulator macosx";
				SWIFT_EMIT_LOC_STRINGS = YES;
				SWIFT_VERSION = 5.0;
				TARGETED_DEVICE_FAMILY = "1,2";
			};
			name = Debug;
		};
		A667F966297F320A00C25D8C /* Release */ = {
			isa = XCBuildConfiguration;
			buildSettings = {
				ASSETCATALOG_COMPILER_APPICON_NAME = AppIcon;
				ASSETCATALOG_COMPILER_GLOBAL_ACCENT_COLOR_NAME = AccentColor;
				CODE_SIGN_ENTITLEMENTS = MockingbirdApp/MockingbirdApp.entitlements;
				CODE_SIGN_STYLE = Automatic;
				CURRENT_PROJECT_VERSION = 1;
				DEVELOPMENT_ASSET_PATHS = "\"MockingbirdApp/Preview Content\"";
				ENABLE_PREVIEWS = YES;
				GENERATE_INFOPLIST_FILE = YES;
				INFOPLIST_FILE = MockingbirdApp/Info.plist;
				INFOPLIST_KEY_CFBundleDisplayName = Mockingbird;
				INFOPLIST_KEY_LSApplicationCategoryType = "public.app-category.social-networking";
				"INFOPLIST_KEY_UIApplicationSceneManifest_Generation[sdk=iphoneos*]" = YES;
				"INFOPLIST_KEY_UIApplicationSceneManifest_Generation[sdk=iphonesimulator*]" = YES;
				"INFOPLIST_KEY_UIApplicationSupportsIndirectInputEvents[sdk=iphoneos*]" = YES;
				"INFOPLIST_KEY_UIApplicationSupportsIndirectInputEvents[sdk=iphonesimulator*]" = YES;
				"INFOPLIST_KEY_UILaunchScreen_Generation[sdk=iphoneos*]" = YES;
				"INFOPLIST_KEY_UILaunchScreen_Generation[sdk=iphonesimulator*]" = YES;
				"INFOPLIST_KEY_UIStatusBarStyle[sdk=iphoneos*]" = UIStatusBarStyleDefault;
				"INFOPLIST_KEY_UIStatusBarStyle[sdk=iphonesimulator*]" = UIStatusBarStyleDefault;
				INFOPLIST_KEY_UISupportedInterfaceOrientations = UIInterfaceOrientationPortrait;
				INFOPLIST_KEY_UISupportedInterfaceOrientations_iPad = "UIInterfaceOrientationLandscapeLeft UIInterfaceOrientationLandscapeRight UIInterfaceOrientationPortrait UIInterfaceOrientationPortraitUpsideDown";
				IPHONEOS_DEPLOYMENT_TARGET = 16.2;
				LD_RUNPATH_SEARCH_PATHS = "@executable_path/Frameworks";
				"LD_RUNPATH_SEARCH_PATHS[sdk=macosx*]" = "@executable_path/../Frameworks";
				MACOSX_DEPLOYMENT_TARGET = 13.0;
				MARKETING_VERSION = 1.0;
				PRODUCT_BUNDLE_IDENTIFIER = com.mikeyclarke.MockingbirdApp.MockingbirdApp;
				PRODUCT_NAME = "$(TARGET_NAME)";
				SDKROOT = auto;
				SUPPORTED_PLATFORMS = "iphoneos iphonesimulator macosx";
				SWIFT_EMIT_LOC_STRINGS = YES;
				SWIFT_VERSION = 5.0;
				TARGETED_DEVICE_FAMILY = "1,2";
			};
			name = Release;
		};
/* End XCBuildConfiguration section */

/* Begin XCConfigurationList section */
		A667F93A297F320800C25D8C /* Build configuration list for PBXProject "MockingbirdApp" */ = {
			isa = XCConfigurationList;
			buildConfigurations = (
				A667F962297F320A00C25D8C /* Debug */,
				A667F963297F320A00C25D8C /* Release */,
			);
			defaultConfigurationIsVisible = 0;
			defaultConfigurationName = Release;
		};
		A667F964297F320A00C25D8C /* Build configuration list for PBXNativeTarget "MockingbirdApp" */ = {
			isa = XCConfigurationList;
			buildConfigurations = (
				A667F965297F320A00C25D8C /* Debug */,
				A667F966297F320A00C25D8C /* Release */,
			);
			defaultConfigurationIsVisible = 0;
			defaultConfigurationName = Release;
		};
/* End XCConfigurationList section */

/* Begin XCRemoteSwiftPackageReference section */
		A61E8F692991A3DC009F7715 /* XCRemoteSwiftPackageReference "Swinject" */ = {
			isa = XCRemoteSwiftPackageReference;
			repositoryURL = "https://github.com/Swinject/Swinject.git";
			requirement = {
				kind = upToNextMajorVersion;
				minimumVersion = 2.8.0;
			};
		};
		A66453C6298F0C91001F99B4 /* XCRemoteSwiftPackageReference "OhhAuth" */ = {
			isa = XCRemoteSwiftPackageReference;
			repositoryURL = "https://github.com/mw99/OhhAuth.git";
			requirement = {
				kind = upToNextMajorVersion;
				minimumVersion = 1.2.0;
			};
		};
		A67444622985CECE00B16BF9 /* XCRemoteSwiftPackageReference "Nuke" */ = {
			isa = XCRemoteSwiftPackageReference;
			repositoryURL = "https://github.com/kean/Nuke";
			requirement = {
				kind = upToNextMajorVersion;
				minimumVersion = 11.6.0;
			};
		};
/* End XCRemoteSwiftPackageReference section */

/* Begin XCSwiftPackageProductDependency section */
		A61E8F6A2991A3DC009F7715 /* Swinject-Dynamic */ = {
			isa = XCSwiftPackageProductDependency;
			package = A61E8F692991A3DC009F7715 /* XCRemoteSwiftPackageReference "Swinject" */;
			productName = "Swinject-Dynamic";
		};
		A66453C7298F0C91001F99B4 /* OhhAuth */ = {
			isa = XCSwiftPackageProductDependency;
			package = A66453C6298F0C91001F99B4 /* XCRemoteSwiftPackageReference "OhhAuth" */;
			productName = OhhAuth;
		};
		A67444632985CECE00B16BF9 /* Nuke */ = {
			isa = XCSwiftPackageProductDependency;
			package = A67444622985CECE00B16BF9 /* XCRemoteSwiftPackageReference "Nuke" */;
			productName = Nuke;
		};
		A67444652985CECE00B16BF9 /* NukeExtensions */ = {
			isa = XCSwiftPackageProductDependency;
			package = A67444622985CECE00B16BF9 /* XCRemoteSwiftPackageReference "Nuke" */;
			productName = NukeExtensions;
		};
		A67444672985CECE00B16BF9 /* NukeUI */ = {
			isa = XCSwiftPackageProductDependency;
			package = A67444622985CECE00B16BF9 /* XCRemoteSwiftPackageReference "Nuke" */;
			productName = NukeUI;
		};
/* End XCSwiftPackageProductDependency section */
	};
	rootObject = A667F937297F320800C25D8C /* Project object */;
}
